
Microsoft Visual Studio Solution File, Format Version 12.00
# Visual Studio Version 16
VisualStudioVersion = 16.0.28902.138
MinimumVisualStudioVersion = 10.0.40219.1
Project("{FAE04EC0-301F-11D3-BF4B-00C04F79EFBC}") = "polymorphism", "polymorphism\polymorphism.csproj", "{5B920D66-6B87-4B7E-9818-9524F22DA87C}"
EndProject
Global
	GlobalSection(SolutionConfigurationPlatforms) = preSolution
		Debug|Any CPU = Debug|Any CPU
		Release|Any CPU = Release|Any CPU
	EndGlobalSection
	GlobalSection(ProjectConfigurationPlatforms) = postSolution
		{5B920D66-6B87-4B7E-9818-9524F22DA87C}.Debug|Any CPU.ActiveCfg = Debug|Any CPU
		{5B920D66-6B87-4B7E-9818-9524F22DA87C}.Debug|Any CPU.Build.0 = Debug|Any CPU
		{5B920D66-6B87-4B7E-9818-9524F22DA87C}.Release|Any CPU.ActiveCfg = Release|Any CPU
		{5B920D66-6B87-4B7E-9818-9524F22DA87C}.Release|Any CPU.Build.0 = Release|Any CPU
	EndGlobalSection
	GlobalSection(SolutionProperties) = preSolution
		HideSolutionNode = FALSE
	EndGlobalSection
	GlobalSection(ExtensibilityGlobals) = postSolution
		SolutionGuid = {62CF327A-8688-451F-B590-9EBBB3F9B105}
	EndGlobalSection
EndGlobal
